<?xml version="1.0" encoding="utf-8"?>
<Project ToolsVersion="4.0" xmlns="http://schemas.microsoft.com/developer/msbuild/2003">
  <ItemGroup>
    <Filter Include="Source Files">
      <UniqueIdentifier>{4FC737F1-C7A5-4376-A066-2A32D752A2FF}</UniqueIdentifier>
      <Extensions>cpp;c;cc;cxx;def;odl;idl;hpj;bat;asm;asmx</Extensions>
    </Filter>
    <Filter Include="Header Files">
      <UniqueIdentifier>{93995380-89BD-4b04-88EB-625FBE52EBFB}</UniqueIdentifier>
      <Extensions>h;hh;hpp;hxx;hm;inl;inc;ipp;xsd</Extensions>
    </Filter>
    <Filter Include="Resource Files">
      <UniqueIdentifier>{67DA6AB6-F800-4c08-8B7A-83BB121AAD01}</UniqueIdentifier>
      <Extensions>rc;ico;cur;bmp;dlg;rc2;rct;bin;rgs;gif;jpg;jpeg;jpe;resx;tiff;tif;png;wav;mfcribbon-ms</Extensions>
    </Filter>
    <Filter Include="Externals">
      <UniqueIdentifier>{4c90d5c5-ccd4-44d1-94c4-f7171b4c6c2e}</UniqueIdentifier>
    </Filter>
    <Filter Include="Source Files\Externals">
      <UniqueIdentifier>{828bd299-b753-4284-a3f5-faeaad6593f4}</UniqueIdentifier>
    </Filter>
    <Filter Include="Header Files\Externals">
      <UniqueIdentifier>{27149145-724e-4149-a143-101d370afb76}</UniqueIdentifier>
    </Filter>
  </ItemGroup>
  <ItemGroup>
    <ClCompile Include="main.cpp">
      <Filter>Source Files</Filter>
    </ClCompile>
    <ClCompile Include="HeapMananger.cpp">
      <Filter>Source Files\Externals</Filter>
    </ClCompile>
    <ClCompile Include="HeapManagerProxy.cpp">
      <Filter>Source Files\Externals</Filter>
    </ClCompile>
    <ClCompile Include="HeapManager_UnitTest.cpp">
      <Filter>Source Files</Filter>
    </ClCompile>
  </ItemGroup>
  <ItemGroup>
    <ClInclude Include="HeapManager.h">
      <Filter>Header Files\Externals</Filter>
    </ClInclude>
    <ClInclude Include="HeapManagerProxy.h">
      <Filter>Header Files\Externals</Filter>
    </ClInclude>
  </ItemGroup>
</Project>