<?xml version="1.0" encoding="utf-8"?>
<Project ToolsVersion="4.0" xmlns="http://schemas.microsoft.com/developer/msbuild/2003">
  <ItemGroup>
    <Filter Include="Source Files">
      <UniqueIdentifier>{4FC737F1-C7A5-4376-A066-2A32D752A2FF}</UniqueIdentifier>
      <Extensions>cpp;c;cc;cxx;def;odl;idl;hpj;bat;asm;asmx</Extensions>
    </Filter>
    <Filter Include="Header Files">
      <UniqueIdentifier>{93995380-89BD-4b04-88EB-625FBE52EBFB}</UniqueIdentifier>
      <Extensions>h;hh;hpp;hxx;hm;inl;inc;ipp;xsd</Extensions>
    </Filter>
    <Filter Include="Resource Files">
      <UniqueIdentifier>{67DA6AB6-F800-4c08-8B7A-83BB121AAD01}</UniqueIdentifier>
      <Extensions>rc;ico;cur;bmp;dlg;rc2;rct;bin;rgs;gif;jpg;jpeg;jpe;resx;tiff;tif;png;wav;mfcribbon-ms</Extensions>
    </Filter>
    <Filter Include="Header Files\Utilities">
      <UniqueIdentifier>{7e5324e0-eaa0-4353-bcf5-d5d272bc1abe}</UniqueIdentifier>
    </Filter>
    <Filter Include="Source Files\Utilities">
      <UniqueIdentifier>{d7f2b15a-db30-48dd-92e2-82e17d6a8098}</UniqueIdentifier>
    </Filter>
    <Filter Include="Header Files\GameController">
      <UniqueIdentifier>{69854067-08dc-4c56-abd6-37fcbc8a9e15}</UniqueIdentifier>
    </Filter>
    <Filter Include="Source Files\GameController">
      <UniqueIdentifier>{d84f428d-624c-462b-ab98-4b2ebde4ac8a}</UniqueIdentifier>
    </Filter>
    <Filter Include="Header Files\GameComponent">
      <UniqueIdentifier>{35768bac-2d67-42d0-b702-5187da280a31}</UniqueIdentifier>
    </Filter>
    <Filter Include="Header Files\GameData">
      <UniqueIdentifier>{3f8b2146-3356-4421-8543-52dab7a6c48a}</UniqueIdentifier>
    </Filter>
    <Filter Include="Source Files\GameComponent">
      <UniqueIdentifier>{9ed81e39-1919-435b-9a83-cacebfa43302}</UniqueIdentifier>
    </Filter>
    <Filter Include="Source Files\GameData">
      <UniqueIdentifier>{ffd7930d-a3d5-4b25-a6de-ceac7823673d}</UniqueIdentifier>
    </Filter>
  </ItemGroup>
  <ItemGroup>
    <ClInclude Include="framework.h">
      <Filter>Header Files</Filter>
    </ClInclude>
    <ClInclude Include="pch.h">
      <Filter>Header Files</Filter>
    </ClInclude>
    <ClInclude Include="GameObject.h">
      <Filter>Header Files\GameData</Filter>
    </ClInclude>
    <ClInclude Include="Point2D.h">
      <Filter>Header Files\GameData</Filter>
    </ClInclude>
    <ClInclude Include="Engine.h">
      <Filter>Header Files</Filter>
    </ClInclude>
    <ClInclude Include="FloatComparisonHelper.h">
      <Filter>Header Files\Utilities</Filter>
    </ClInclude>
    <ClInclude Include="SmartPointer.h">
      <Filter>Header Files\Utilities</Filter>
    </ClInclude>
    <ClInclude Include="RefCount.h">
      <Filter>Header Files\Utilities</Filter>
    </ClInclude>
    <ClInclude Include="Timer.h">
      <Filter>Header Files\Utilities</Filter>
    </ClInclude>
    <ClInclude Include="WeakPointer.h">
      <Filter>Header Files\Utilities</Filter>
    </ClInclude>
    <ClInclude Include="..\nlohmann\json.hpp">
      <Filter>Header Files\Utilities</Filter>
    </ClInclude>
    <ClInclude Include="AIController.h">
      <Filter>Header Files\GameController</Filter>
    </ClInclude>
    <ClInclude Include="PlayerController.h">
      <Filter>Header Files\GameController</Filter>
    </ClInclude>
    <ClInclude Include="ProcessFile.h">
      <Filter>Header Files\Utilities</Filter>
    </ClInclude>
    <ClInclude Include="Vector4.h">
      <Filter>Header Files\GameData</Filter>
    </ClInclude>
    <ClInclude Include="Matrix44.h">
      <Filter>Header Files\GameData</Filter>
    </ClInclude>
    <ClInclude Include="IGameObjectController.h">
      <Filter>Header Files\GameController</Filter>
    </ClInclude>
    <ClInclude Include="IGameObjectComponent.h">
      <Filter>Header Files\GameComponent</Filter>
    </ClInclude>
    <ClInclude Include="BoxCollision.h">
      <Filter>Header Files\GameComponent</Filter>
    </ClInclude>
    <ClInclude Include="PhysicsInfo.h">
      <Filter>Header Files\GameComponent</Filter>
    </ClInclude>
    <ClInclude Include="RenderInfo.h">
      <Filter>Header Files\GameComponent</Filter>
    </ClInclude>
    <ClInclude Include="ComponentType.h">
      <Filter>Header Files\GameComponent</Filter>
    </ClInclude>
    <ClInclude Include="Matrix44-inln.h">
      <Filter>Header Files\GameData</Filter>
    </ClInclude>
    <ClInclude Include="Point2D-inln.h">
      <Filter>Header Files\GameData</Filter>
    </ClInclude>
    <ClInclude Include="Vector4-inln.h">
      <Filter>Header Files\GameData</Filter>
    </ClInclude>
    <ClInclude Include="CollisionChannel.h">
      <Filter>Header Files\GameComponent</Filter>
    </ClInclude>
    <ClInclude Include="EnumParser.h">
      <Filter>Header Files\Utilities</Filter>
    </ClInclude>
    <ClInclude Include="GameData.h">
      <Filter>Header Files\GameData</Filter>
    </ClInclude>
    <ClInclude Include="MaskParser.h">
      <Filter>Header Files\Utilities</Filter>
    </ClInclude>
  </ItemGroup>
  <ItemGroup>
    <ClCompile Include="GameEngine.cpp">
      <Filter>Source Files</Filter>
    </ClCompile>
    <ClCompile Include="pch.cpp">
      <Filter>Source Files</Filter>
    </ClCompile>
    <ClCompile Include="GameObject.cpp">
      <Filter>Source Files\GameData</Filter>
    </ClCompile>
    <ClCompile Include="Point2D.cpp">
      <Filter>Source Files\GameData</Filter>
    </ClCompile>
    <ClCompile Include="Engine.cpp">
      <Filter>Source Files</Filter>
    </ClCompile>
    <ClCompile Include="FloatComparisonHelper.cpp">
      <Filter>Source Files\Utilities</Filter>
    </ClCompile>
    <ClCompile Include="Timer.cpp">
      <Filter>Source Files\Utilities</Filter>
    </ClCompile>
    <ClCompile Include="AIController.cpp">
      <Filter>Source Files\GameController</Filter>
    </ClCompile>
    <ClCompile Include="PlayerController.cpp">
      <Filter>Source Files\GameController</Filter>
    </ClCompile>
    <ClCompile Include="ProcessFile.cpp">
      <Filter>Source Files\Utilities</Filter>
    </ClCompile>
    <ClCompile Include="Vector4.cpp">
      <Filter>Source Files\GameData</Filter>
    </ClCompile>
    <ClCompile Include="Matrix44.cpp">
      <Filter>Source Files\GameData</Filter>
    </ClCompile>
    <ClCompile Include="BoxCollision.cpp">
      <Filter>Source Files\GameComponent</Filter>
    </ClCompile>
    <ClCompile Include="PhysicsInfo.cpp">
      <Filter>Source Files\GameComponent</Filter>
    </ClCompile>
    <ClCompile Include="RenderInfo.cpp">
      <Filter>Source Files\GameComponent</Filter>
    </ClCompile>
  </ItemGroup>
</Project>